// !$*UTF8*$!
{
	archiveVersion = 1;
	classes = {
	};
	objectVersion = 46;
	objects = {

/* Begin PBXBuildFile section */
		6F83ECE1181D509C00BBAEB2 /* Foundation.framework in Frameworks */ = {isa = PBXBuildFile; fileRef = 6F83ECE0181D509C00BBAEB2 /* Foundation.framework */; };
		6F83ECE3181D509C00BBAEB2 /* CoreGraphics.framework in Frameworks */ = {isa = PBXBuildFile; fileRef = 6F83ECE2181D509C00BBAEB2 /* CoreGraphics.framework */; };
		6F83ECE5181D509C00BBAEB2 /* UIKit.framework in Frameworks */ = {isa = PBXBuildFile; fileRef = 6F83ECE4181D509C00BBAEB2 /* UIKit.framework */; };
		6F83ECEB181D509C00BBAEB2 /* InfoPlist.strings in Resources */ = {isa = PBXBuildFile; fileRef = 6F83ECE9181D509C00BBAEB2 /* InfoPlist.strings */; };
		6F83ECED181D509C00BBAEB2 /* main.m in Sources */ = {isa = PBXBuildFile; fileRef = 6F83ECEC181D509C00BBAEB2 /* main.m */; };
		6F83ECF1181D509C00BBAEB2 /* DDAppDelegate.m in Sources */ = {isa = PBXBuildFile; fileRef = 6F83ECF0181D509C00BBAEB2 /* DDAppDelegate.m */; };
		6F83ECF4181D509C00BBAEB2 /* Main.storyboard in Resources */ = {isa = PBXBuildFile; fileRef = 6F83ECF2181D509C00BBAEB2 /* Main.storyboard */; };
		6F83ECF9181D509C00BBAEB2 /* Images.xcassets in Resources */ = {isa = PBXBuildFile; fileRef = 6F83ECF8181D509C00BBAEB2 /* Images.xcassets */; };
		6F83ED00181D509C00BBAEB2 /* XCTest.framework in Frameworks */ = {isa = PBXBuildFile; fileRef = 6F83ECFF181D509C00BBAEB2 /* XCTest.framework */; };
		6F83ED01181D509C00BBAEB2 /* Foundation.framework in Frameworks */ = {isa = PBXBuildFile; fileRef = 6F83ECE0181D509C00BBAEB2 /* Foundation.framework */; };
		6F83ED02181D509C00BBAEB2 /* UIKit.framework in Frameworks */ = {isa = PBXBuildFile; fileRef = 6F83ECE4181D509C00BBAEB2 /* UIKit.framework */; };
		6F83ED0A181D509C00BBAEB2 /* InfoPlist.strings in Resources */ = {isa = PBXBuildFile; fileRef = 6F83ED08181D509C00BBAEB2 /* InfoPlist.strings */; };
		6F83ED0C181D509C00BBAEB2 /* UITableViewController_Challenge_AssignmentTests.m in Sources */ = {isa = PBXBuildFile; fileRef = 6F83ED0B181D509C00BBAEB2 /* UITableViewController_Challenge_AssignmentTests.m */; };
		6F83ED17181D9EA300BBAEB2 /* DDTableViewController.m in Sources */ = {isa = PBXBuildFile; fileRef = 6F83ED16181D9EA300BBAEB2 /* DDTableViewController.m */; };
/* End PBXBuildFile section */

/* Begin PBXContainerItemProxy section */
		6F83ED03181D509C00BBAEB2 /* PBXContainerItemProxy */ = {
			isa = PBXContainerItemProxy;
			containerPortal = 6F83ECD5181D509C00BBAEB2 /* Project object */;
			proxyType = 1;
			remoteGlobalIDString = 6F83ECDC181D509C00BBAEB2;
			remoteInfo = "UITableViewController Challenge Assignment";
		};
/* End PBXContainerItemProxy section */

/* Begin PBXFileReference section */
		6F83ECDD181D509C00BBAEB2 /* UITableViewController Challenge Assignment.app */ = {isa = PBXFileReference; explicitFileType = wrapper.application; includeInIndex = 0; path = "UITableViewController Challenge Assignment.app"; sourceTree = BUILT_PRODUCTS_DIR; };
		6F83ECE0181D509C00BBAEB2 /* Foundation.framework */ = {isa = PBXFileReference; lastKnownFileType = wrapper.framework; name = Foundation.framework; path = System/Library/Frameworks/Foundation.framework; sourceTree = SDKROOT; };
		6F83ECE2181D509C00BBAEB2 /* CoreGraphics.framework */ = {isa = PBXFileReference; lastKnownFileType = wrapper.framework; name = CoreGraphics.framework; path = System/Library/Frameworks/CoreGraphics.framework; sourceTree = SDKROOT; };
		6F83ECE4181D509C00BBAEB2 /* UIKit.framework */ = {isa = PBXFileReference; lastKnownFileType = wrapper.framework; name = UIKit.framework; path = System/Library/Frameworks/UIKit.framework; sourceTree = SDKROOT; };
		6F83ECE8181D509C00BBAEB2 /* UITableViewController Challenge Assignment-Info.plist */ = {isa = PBXFileReference; lastKnownFileType = text.plist.xml; path = "UITableViewController Challenge Assignment-Info.plist"; sourceTree = "<group>"; };
		6F83ECEA181D509C00BBAEB2 /* en */ = {isa = PBXFileReference; lastKnownFileType = text.plist.strings; name = en; path = en.lproj/InfoPlist.strings; sourceTree = "<group>"; };
		6F83ECEC181D509C00BBAEB2 /* main.m */ = {isa = PBXFileReference; lastKnownFileType = sourcecode.c.objc; path = main.m; sourceTree = "<group>"; };
		6F83ECEE181D509C00BBAEB2 /* UITableViewController Challenge Assignment-Prefix.pch */ = {isa = PBXFileReference; lastKnownFileType = sourcecode.c.h; path = "UITableViewController Challenge Assignment-Prefix.pch"; sourceTree = "<group>"; };
		6F83ECEF181D509C00BBAEB2 /* DDAppDelegate.h */ = {isa = PBXFileReference; lastKnownFileType = sourcecode.c.h; path = DDAppDelegate.h; sourceTree = "<group>"; };
		6F83ECF0181D509C00BBAEB2 /* DDAppDelegate.m */ = {isa = PBXFileReference; lastKnownFileType = sourcecode.c.objc; path = DDAppDelegate.m; sourceTree = "<group>"; };
		6F83ECF3181D509C00BBAEB2 /* Base */ = {isa = PBXFileReference; lastKnownFileType = file.storyboard; name = Base; path = Base.lproj/Main.storyboard; sourceTree = "<group>"; };
		6F83ECF8181D509C00BBAEB2 /* Images.xcassets */ = {isa = PBXFileReference; lastKnownFileType = folder.assetcatalog; path = Images.xcassets; sourceTree = "<group>"; };
		6F83ECFE181D509C00BBAEB2 /* UITableViewController Challenge AssignmentTests.xctest */ = {isa = PBXFileReference; explicitFileType = wrapper.cfbundle; includeInIndex = 0; path = "UITableViewController Challenge AssignmentTests.xctest"; sourceTree = BUILT_PRODUCTS_DIR; };
		6F83ECFF181D509C00BBAEB2 /* XCTest.framework */ = {isa = PBXFileReference; lastKnownFileType = wrapper.framework; name = XCTest.framework; path = Library/Frameworks/XCTest.framework; sourceTree = DEVELOPER_DIR; };
		6F83ED07181D509C00BBAEB2 /* UITableViewController Challenge AssignmentTests-Info.plist */ = {isa = PBXFileReference; lastKnownFileType = text.plist.xml; path = "UITableViewController Challenge AssignmentTests-Info.plist"; sourceTree = "<group>"; };
		6F83ED09181D509C00BBAEB2 /* en */ = {isa = PBXFileReference; lastKnownFileType = text.plist.strings; name = en; path = en.lproj/InfoPlist.strings; sourceTree = "<group>"; };
		6F83ED0B181D509C00BBAEB2 /* UITableViewController_Challenge_AssignmentTests.m */ = {isa = PBXFileReference; lastKnownFileType = sourcecode.c.objc; path = UITableViewController_Challenge_AssignmentTests.m; sourceTree = "<group>"; };
		6F83ED15181D9EA300BBAEB2 /* DDTableViewController.h */ = {isa = PBXFileReference; fileEncoding = 4; lastKnownFileType = sourcecode.c.h; path = DDTableViewController.h; sourceTree = "<group>"; };
		6F83ED16181D9EA300BBAEB2 /* DDTableViewController.m */ = {isa = PBXFileReference; fileEncoding = 4; lastKnownFileType = sourcecode.c.objc; path = DDTableViewController.m; sourceTree = "<group>"; };
/* End PBXFileReference section */

/* Begin PBXFrameworksBuildPhase section */
		6F83ECDA181D509C00BBAEB2 /* Frameworks */ = {
			isa = PBXFrameworksBuildPhase;
			buildActionMask = 2147483647;
			files = (
				6F83ECE3181D509C00BBAEB2 /* CoreGraphics.framework in Frameworks */,
				6F83ECE5181D509C00BBAEB2 /* UIKit.framework in Frameworks */,
				6F83ECE1181D509C00BBAEB2 /* Foundation.framework in Frameworks */,
			);
			runOnlyForDeploymentPostprocessing = 0;
		};
		6F83ECFB181D509C00BBAEB2 /* Frameworks */ = {
			isa = PBXFrameworksBuildPhase;
			buildActionMask = 2147483647;
			files = (
				6F83ED00181D509C00BBAEB2 /* XCTest.framework in Frameworks */,
				6F83ED02181D509C00BBAEB2 /* UIKit.framework in Frameworks */,
				6F83ED01181D509C00BBAEB2 /* Foundation.framework in Frameworks */,
			);
			runOnlyForDeploymentPostprocessing = 0;
		};
/* End PBXFrameworksBuildPhase section */

/* Begin PBXGroup section */
		6F83ECD4181D509C00BBAEB2 = {
			isa = PBXGroup;
			children = (
				6F83ECE6181D509C00BBAEB2 /* UITableViewController Challenge Assignment */,
				6F83ED05181D509C00BBAEB2 /* UITableViewController Challenge AssignmentTests */,
				6F83ECDF181D509C00BBAEB2 /* Frameworks */,
				6F83ECDE181D509C00BBAEB2 /* Products */,
			);
			sourceTree = "<group>";
		};
		6F83ECDE181D509C00BBAEB2 /* Products */ = {
			isa = PBXGroup;
			children = (
				6F83ECDD181D509C00BBAEB2 /* UITableViewController Challenge Assignment.app */,
				6F83ECFE181D509C00BBAEB2 /* UITableViewController Challenge AssignmentTests.xctest */,
			);
			name = Products;
			sourceTree = "<group>";
		};
		6F83ECDF181D509C00BBAEB2 /* Frameworks */ = {
			isa = PBXGroup;
			children = (
				6F83ECE0181D509C00BBAEB2 /* Foundation.framework */,
				6F83ECE2181D509C00BBAEB2 /* CoreGraphics.framework */,
				6F83ECE4181D509C00BBAEB2 /* UIKit.framework */,
				6F83ECFF181D509C00BBAEB2 /* XCTest.framework */,
			);
			name = Frameworks;
			sourceTree = "<group>";
		};
		6F83ECE6181D509C00BBAEB2 /* UITableViewController Challenge Assignment */ = {
			isa = PBXGroup;
			children = (
				6F83ECEF181D509C00BBAEB2 /* DDAppDelegate.h */,
				6F83ECF0181D509C00BBAEB2 /* DDAppDelegate.m */,
				6F83ECF2181D509C00BBAEB2 /* Main.storyboard */,
				6F83ED15181D9EA300BBAEB2 /* DDTableViewController.h */,
				6F83ED16181D9EA300BBAEB2 /* DDTableViewController.m */,
				6F83ECF8181D509C00BBAEB2 /* Images.xcassets */,
				6F83ECE7181D509C00BBAEB2 /* Supporting Files */,
			);
			path = "UITableViewController Challenge Assignment";
			sourceTree = "<group>";
		};
		6F83ECE7181D509C00BBAEB2 /* Supporting Files */ = {
			isa = PBXGroup;
			children = (
				6F83ECE8181D509C00BBAEB2 /* UITableViewController Challenge Assignment-Info.plist */,
				6F83ECE9181D509C00BBAEB2 /* InfoPlist.strings */,
				6F83ECEC181D509C00BBAEB2 /* main.m */,
				6F83ECEE181D509C00BBAEB2 /* UITableViewController Challenge Assignment-Prefix.pch */,
			);
			name = "Supporting Files";
			sourceTree = "<group>";
		};
		6F83ED05181D509C00BBAEB2 /* UITableViewController Challenge AssignmentTests */ = {
			isa = PBXGroup;
			children = (
				6F83ED0B181D509C00BBAEB2 /* UITableViewController_Challenge_AssignmentTests.m */,
				6F83ED06181D509C00BBAEB2 /* Supporting Files */,
			);
			path = "UITableViewController Challenge AssignmentTests";
			sourceTree = "<group>";
		};
		6F83ED06181D509C00BBAEB2 /* Supporting Files */ = {
			isa = PBXGroup;
			children = (
				6F83ED07181D509C00BBAEB2 /* UITableViewController Challenge AssignmentTests-Info.plist */,
				6F83ED08181D509C00BBAEB2 /* InfoPlist.strings */,
			);
			name = "Supporting Files";
			sourceTree = "<group>";
		};
/* End PBXGroup section */

/* Begin PBXNativeTarget section */
		6F83ECDC181D509C00BBAEB2 /* UITableViewController Challenge Assignment */ = {
			isa = PBXNativeTarget;
			buildConfigurationList = 6F83ED0F181D509C00BBAEB2 /* Build configuration list for PBXNativeTarget "UITableViewController Challenge Assignment" */;
			buildPhases = (
				6F83ECD9181D509C00BBAEB2 /* Sources */,
				6F83ECDA181D509C00BBAEB2 /* Frameworks */,
				6F83ECDB181D509C00BBAEB2 /* Resources */,
			);
			buildRules = (
			);
			dependencies = (
			);
			name = "UITableViewController Challenge Assignment";
			productName = "UITableViewController Challenge Assignment";
			productReference = 6F83ECDD181D509C00BBAEB2 /* UITableViewController Challenge Assignment.app */;
			productType = "com.apple.product-type.application";
		};
		6F83ECFD181D509C00BBAEB2 /* UITableViewController Challenge AssignmentTests */ = {
			isa = PBXNativeTarget;
			buildConfigurationList = 6F83ED12181D509C00BBAEB2 /* Build configuration list for PBXNativeTarget "UITableViewController Challenge AssignmentTests" */;
			buildPhases = (
				6F83ECFA181D509C00BBAEB2 /* Sources */,
				6F83ECFB181D509C00BBAEB2 /* Frameworks */,
				6F83ECFC181D509C00BBAEB2 /* Resources */,
			);
			buildRules = (
			);
			dependencies = (
				6F83ED04181D509C00BBAEB2 /* PBXTargetDependency */,
			);
			name = "UITableViewController Challenge AssignmentTests";
			productName = "UITableViewController Challenge AssignmentTests";
			productReference = 6F83ECFE181D509C00BBAEB2 /* UITableViewController Challenge AssignmentTests.xctest */;
			productType = "com.apple.product-type.bundle.unit-test";
		};
/* End PBXNativeTarget section */

/* Begin PBXProject section */
		6F83ECD5181D509C00BBAEB2 /* Project object */ = {
			isa = PBXProject;
			attributes = {
				CLASSPREFIX = DD;
				LastUpgradeCheck = 0500;
				ORGANIZATIONNAME = DDD;
				TargetAttributes = {
					6F83ECFD181D509C00BBAEB2 = {
						TestTargetID = 6F83ECDC181D509C00BBAEB2;
					};
				};
			};
			buildConfigurationList = 6F83ECD8181D509C00BBAEB2 /* Build configuration list for PBXProject "UITableViewController Challenge Assignment" */;
			compatibilityVersion = "Xcode 3.2";
			developmentRegion = English;
			hasScannedForEncodings = 0;
			knownRegions = (
				en,
				Base,
			);
			mainGroup = 6F83ECD4181D509C00BBAEB2;
			productRefGroup = 6F83ECDE181D509C00BBAEB2 /* Products */;
			projectDirPath = "";
			projectRoot = "";
			targets = (
				6F83ECDC181D509C00BBAEB2 /* UITableViewController Challenge Assignment */,
				6F83ECFD181D509C00BBAEB2 /* UITableViewController Challenge AssignmentTests */,
			);
		};
/* End PBXProject section */

/* Begin PBXResourcesBuildPhase section */
		6F83ECDB181D509C00BBAEB2 /* Resources */ = {
			isa = PBXResourcesBuildPhase;
			buildActionMask = 2147483647;
			files = (
				6F83ECF9181D509C00BBAEB2 /* Images.xcassets in Resources */,
				6F83ECEB181D509C00BBAEB2 /* InfoPlist.strings in Resources */,
				6F83ECF4181D509C00BBAEB2 /* Main.storyboard in Resources */,
			);
			runOnlyForDeploymentPostprocessing = 0;
		};
		6F83ECFC181D509C00BBAEB2 /* Resources */ = {
			isa = PBXResourcesBuildPhase;
			buildActionMask = 2147483647;
			files = (
				6F83ED0A181D509C00BBAEB2 /* InfoPlist.strings in Resources */,
			);
			runOnlyForDeploymentPostprocessing = 0;
		};
/* End PBXResourcesBuildPhase section */

/* Begin PBXSourcesBuildPhase section */
		6F83ECD9181D509C00BBAEB2 /* Sources */ = {
			isa = PBXSourcesBuildPhase;
			buildActionMask = 2147483647;
			files = (
				6F83ECF1181D509C00BBAEB2 /* DDAppDelegate.m in Sources */,
				6F83ED17181D9EA300BBAEB2 /* DDTableViewController.m in Sources */,
				6F83ECED181D509C00BBAEB2 /* main.m in Sources */,
			);
			runOnlyForDeploymentPostprocessing = 0;
		};
		6F83ECFA181D509C00BBAEB2 /* Sources */ = {
			isa = PBXSourcesBuildPhase;
			buildActionMask = 2147483647;
			files = (
				6F83ED0C181D509C00BBAEB2 /* UITableViewController_Challenge_AssignmentTests.m in Sources */,
			);
			runOnlyForDeploymentPostprocessing = 0;
		};
/* End PBXSourcesBuildPhase section */

/* Begin PBXTargetDependency section */
		6F83ED04181D509C00BBAEB2 /* PBXTargetDependency */ = {
			isa = PBXTargetDependency;
			target = 6F83ECDC181D509C00BBAEB2 /* UITableViewController Challenge Assignment */;
			targetProxy = 6F83ED03181D509C00BBAEB2 /* PBXContainerItemProxy */;
		};
/* End PBXTargetDependency section */

/* Begin PBXVariantGroup section */
		6F83ECE9181D509C00BBAEB2 /* InfoPlist.strings */ = {
			isa = PBXVariantGroup;
			children = (
				6F83ECEA181D509C00BBAEB2 /* en */,
			);
			name = InfoPlist.strings;
			sourceTree = "<group>";
		};
		6F83ECF2181D509C00BBAEB2 /* Main.storyboard */ = {
			isa = PBXVariantGroup;
			children = (
				6F83ECF3181D509C00BBAEB2 /* Base */,
			);
			name = Main.storyboard;
			sourceTree = "<group>";
		};
		6F83ED08181D509C00BBAEB2 /* InfoPlist.strings */ = {
			isa = PBXVariantGroup;
			children = (
				6F83ED09181D509C00BBAEB2 /* en */,
			);
			name = InfoPlist.strings;
			sourceTree = "<group>";
		};
/* End PBXVariantGroup section */

/* Begin XCBuildConfiguration section */
		6F83ED0D181D509C00BBAEB2 /* Debug */ = {
			isa = XCBuildConfiguration;
			buildSettings = {
				ALWAYS_SEARCH_USER_PATHS = NO;
				ARCHS = "$(ARCHS_STANDARD_INCLUDING_64_BIT)";
				CLANG_CXX_LANGUAGE_STANDARD = "gnu++0x";
				CLANG_CXX_LIBRARY = "libc++";
				CLANG_ENABLE_MODULES = YES;
				CLANG_ENABLE_OBJC_ARC = YES;
				CLANG_WARN_BOOL_CONVERSION = YES;
				CLANG_WARN_CONSTANT_CONVERSION = YES;
				CLANG_WARN_DIRECT_OBJC_ISA_USAGE = YES_ERROR;
				CLANG_WARN_EMPTY_BODY = YES;
				CLANG_WARN_ENUM_CONVERSION = YES;
				CLANG_WARN_INT_CONVERSION = YES;
				CLANG_WARN_OBJC_ROOT_CLASS = YES_ERROR;
				CLANG_WARN__DUPLICATE_METHOD_MATCH = YES;
				"CODE_SIGN_IDENTITY[sdk=iphoneos*]" = "iPhone Developer";
				COPY_PHASE_STRIP = NO;
				GCC_C_LANGUAGE_STANDARD = gnu99;
				GCC_DYNAMIC_NO_PIC = NO;
				GCC_OPTIMIZATION_LEVEL = 0;
				GCC_PREPROCESSOR_DEFINITIONS = (
					"DEBUG=1",
					"$(inherited)",
				);
				GCC_SYMBOLS_PRIVATE_EXTERN = NO;
				GCC_WARN_64_TO_32_BIT_CONVERSION = YES;
				GCC_WARN_ABOUT_RETURN_TYPE = YES_ERROR;
				GCC_WARN_UNDECLARED_SELECTOR = YES;
				GCC_WARN_UNINITIALIZED_AUTOS = YES;
				GCC_WARN_UNUSED_FUNCTION = YES;
				GCC_WARN_UNUSED_VARIABLE = YES;
				IPHONEOS_DEPLOYMENT_TARGET = 7.0;
				ONLY_ACTIVE_ARCH = YES;
				SDKROOT = iphoneos;
			};
			name = Debug;
		};
		6F83ED0E181D509C00BBAEB2 /* Release */ = {
			isa = XCBuildConfiguration;
			buildSettings = {
				ALWAYS_SEARCH_USER_PATHS = NO;
				ARCHS = "$(ARCHS_STANDARD_INCLUDING_64_BIT)";
				CLANG_CXX_LANGUAGE_STANDARD = "gnu++0x";
				CLANG_CXX_LIBRARY = "libc++";
				CLANG_ENABLE_MODULES = YES;
				CLANG_ENABLE_OBJC_ARC = YES;
				CLANG_WARN_BOOL_CONVERSION = YES;
				CLANG_WARN_CONSTANT_CONVERSION = YES;
				CLANG_WARN_DIRECT_OBJC_ISA_USAGE = YES_ERROR;
				CLANG_WARN_EMPTY_BODY = YES;
				CLANG_WARN_ENUM_CONVERSION = YES;
				CLANG_WARN_INT_CONVERSION = YES;
				CLANG_WARN_OBJC_ROOT_CLASS = YES_ERROR;
				CLANG_WARN__DUPLICATE_METHOD_MATCH = YES;
				"CODE_SIGN_IDENTITY[sdk=iphoneos*]" = "iPhone Developer";
				COPY_PHASE_STRIP = YES;
				ENABLE_NS_ASSERTIONS = NO;
				GCC_C_LANGUAGE_STANDARD = gnu99;
				GCC_WARN_64_TO_32_BIT_CONVERSION = YES;
				GCC_WARN_ABOUT_RETURN_TYPE = YES_ERROR;
				GCC_WARN_UNDECLARED_SELECTOR = YES;
				GCC_WARN_UNINITIALIZED_AUTOS = YES;
				GCC_WARN_UNUSED_FUNCTION = YES;
				GCC_WARN_UNUSED_VARIABLE = YES;
				IPHONEOS_DEPLOYMENT_TARGET = 7.0;
				SDKROOT = iphoneos;
				VALIDATE_PRODUCT = YES;
			};
			name = Release;
		};
		6F83ED10181D509C00BBAEB2 /* Debug */ = {
			isa = XCBuildConfiguration;
			buildSettings = {
				ASSETCATALOG_COMPILER_APPICON_NAME = AppIcon;
				ASSETCATALOG_COMPILER_LAUNCHIMAGE_NAME = LaunchImage;
				GCC_PRECOMPILE_PREFIX_HEADER = YES;
				GCC_PREFIX_HEADER = "UITableViewController Challenge Assignment/UITableViewController Challenge Assignment-Prefix.pch";
				INFOPLIST_FILE = "UITableViewController Challenge Assignment/UITableViewController Challenge Assignment-Info.plist";
				PRODUCT_NAME = "$(TARGET_NAME)";
				WRAPPER_EXTENSION = app;
			};
			name = Debug;
		};
		6F83ED11181D509C00BBAEB2 /* Release */ = {
			isa = XCBuildConfiguration;
			buildSettings = {
				ASSETCATALOG_COMPILER_APPICON_NAME = AppIcon;
				ASSETCATALOG_COMPILER_LAUNCHIMAGE_NAME = LaunchImage;
				GCC_PRECOMPILE_PREFIX_HEADER = YES;
				GCC_PREFIX_HEADER = "UITableViewController Challenge Assignment/UITableViewController Challenge Assignment-Prefix.pch";
				INFOPLIST_FILE = "UITableViewController Challenge Assignment/UITableViewController Challenge Assignment-Info.plist";
				PRODUCT_NAME = "$(TARGET_NAME)";
				WRAPPER_EXTENSION = app;
			};
			name = Release;
		};
		6F83ED13181D509C00BBAEB2 /* Debug */ = {
			isa = XCBuildConfiguration;
			buildSettings = {
				ARCHS = "$(ARCHS_STANDARD_INCLUDING_64_BIT)";
				BUNDLE_LOADER = "$(BUILT_PRODUCTS_DIR)/UITableViewController Challenge Assignment.app/UITableViewController Challenge Assignment";
				FRAMEWORK_SEARCH_PATHS = (
					"$(SDKROOT)/Developer/Library/Frameworks",
					"$(inherited)",
					"$(DEVELOPER_FRAMEWORKS_DIR)",
				);
				GCC_PRECOMPILE_PREFIX_HEADER = YES;
				GCC_PREFIX_HEADER = "UITableViewController Challenge Assignment/UITableViewController Challenge Assignment-Prefix.pch";
				GCC_PREPROCESSOR_DEFINITIONS = (
					"DEBUG=1",
					"$(inherited)",
				);
				INFOPLIST_FILE = "UITableViewController Challenge AssignmentTests/UITableViewController Challenge AssignmentTests-Info.plist";
				PRODUCT_NAME = "$(TARGET_NAME)";
				TEST_HOST = "$(BUNDLE_LOADER)";
				WRAPPER_EXTENSION = xctest;
			};
			name = Debug;
		};
		6F83ED14181D509C00BBAEB2 /* Release */ = {
			isa = XCBuildConfiguration;
			buildSettings = {
				ARCHS = "$(ARCHS_STANDARD_INCLUDING_64_BIT)";
				BUNDLE_LOADER = "$(BUILT_PRODUCTS_DIR)/UITableViewController Challenge Assignment.app/UITableViewController Challenge Assignment";
				FRAMEWORK_SEARCH_PATHS = (
					"$(SDKROOT)/Developer/Library/Frameworks",
					"$(inherited)",
					"$(DEVELOPER_FRAMEWORKS_DIR)",
				);
				GCC_PRECOMPILE_PREFIX_HEADER = YES;
				GCC_PREFIX_HEADER = "UITableViewController Challenge Assignment/UITableViewController Challenge Assignment-Prefix.pch";
				INFOPLIST_FILE = "UITableViewController Challenge AssignmentTests/UITableViewController Challenge AssignmentTests-Info.plist";
				PRODUCT_NAME = "$(TARGET_NAME)";
				TEST_HOST = "$(BUNDLE_LOADER)";
				WRAPPER_EXTENSION = xctest;
			};
			name = Release;
		};
/* End XCBuildConfiguration section */

/* Begin XCConfigurationList section */
		6F83ECD8181D509C00BBAEB2 /* Build configuration list for PBXProject "UITableViewController Challenge Assignment" */ = {
			isa = XCConfigurationList;
			buildConfigurations = (
				6F83ED0D181D509C00BBAEB2 /* Debug */,
				6F83ED0E181D509C00BBAEB2 /* Release */,
			);
			defaultConfigurationIsVisible = 0;
			defaultConfigurationName = Release;
		};
		6F83ED0F181D509C00BBAEB2 /* Build configuration list for PBXNativeTarget "UITableViewController Challenge Assignment" */ = {
			isa = XCConfigurationList;
			buildConfigurations = (
				6F83ED10181D509C00BBAEB2 /* Debug */,
				6F83ED11181D509C00BBAEB2 /* Release */,
			);
			defaultConfigurationIsVisible = 0;
		};
		6F83ED12181D509C00BBAEB2 /* Build configuration list for PBXNativeTarget "UITableViewController Challenge AssignmentTests" */ = {
			isa = XCConfigurationList;
			buildConfigurations = (
				6F83ED13181D509C00BBAEB2 /* Debug */,
				6F83ED14181D509C00BBAEB2 /* Release */,
			);
			defaultConfigurationIsVisible = 0;
		};
/* End XCConfigurationList section */
	};
	rootObject = 6F83ECD5181D509C00BBAEB2 /* Project object */;
}
